
Microsoft Visual Studio Solution File, Format Version 12.00
# Visual Studio Version 17
VisualStudioVersion = 17.0.31903.59
MinimumVisualStudioVersion = 10.0.40219.1
Project("{FAE04EC0-301F-11D3-BF4B-00C04F79EFBC}") = "LegacySystem.Tests", "LegacySystem.Tests\LegacySystem.Tests.csproj", "{CC63FACF-EFF8-4E52-A83A-4DA390956709}"
EndProject
Global
	GlobalSection(SolutionConfigurationPlatforms) = preSolution
		Debug|Any CPU = Debug|Any CPU
		Release|Any CPU = Release|Any CPU
	EndGlobalSection
	GlobalSection(SolutionProperties) = preSolution
		HideSolutionNode = FALSE
	EndGlobalSection
	GlobalSection(ProjectConfigurationPlatforms) = postSolution
		{CC63FACF-EFF8-4E52-A83A-4DA390956709}.Debug|Any CPU.ActiveCfg = Debug|Any CPU
		{CC63FACF-EFF8-4E52-A83A-4DA390956709}.Debug|Any CPU.Build.0 = Debug|Any CPU
		{CC63FACF-EFF8-4E52-A83A-4DA390956709}.Release|Any CPU.ActiveCfg = Release|Any CPU
		{CC63FACF-EFF8-4E52-A83A-4DA390956709}.Release|Any CPU.Build.0 = Release|Any CPU
	EndGlobalSection
EndGlobal
